
Microsoft Visual Studio Solution File, Format Version 12.00
# Visual Studio 15
VisualStudioVersion = 15.0.26403.7
MinimumVisualStudioVersion = 10.0.40219.1
Project("{FAE04EC0-301F-11D3-BF4B-00C04F79EFBC}") = "Dragino.Lora", "Dragino.Lora\Dragino.Lora.csproj", "{B01A9146-6B59-457E-8D53-B2FAFEA99F73}"
EndProject
Project("{FAE04EC0-301F-11D3-BF4B-00C04F79EFBC}") = "Dragino.Lora.RegisterGenerator", "Dragino.Lora.RegisterGenerator\Dragino.Lora.RegisterGenerator.csproj", "{BC0F8A34-24E1-48A8-925E-DC432FDD3826}"
EndProject
Project("{FAE04EC0-301F-11D3-BF4B-00C04F79EFBC}") = "Dragino.Lora.Tests", "Dragino.Lora.Tests\Dragino.Lora.Tests.csproj", "{798E7ABD-81AA-482C-A07C-3DAAE7E40D7F}"
EndProject
Project("{FAE04EC0-301F-11D3-BF4B-00C04F79EFBC}") = "Dragino.Lora.Demo.Gateway", "Dragino.Lora.Demo.Gateway\Dragino.Lora.Demo.Gateway.csproj", "{7716D66F-22D6-4FFF-BFEC-B3AA8335A7EA}"
EndProject
Project("{FAE04EC0-301F-11D3-BF4B-00C04F79EFBC}") = "Dragino.Lora.Demo.P2P.Sender", "Dragino.Lora.Demo.P2P.Sender\Dragino.Lora.Demo.P2P.Sender.csproj", "{590F3921-B181-470B-BAC5-84F81733567C}"
EndProject
Project("{FAE04EC0-301F-11D3-BF4B-00C04F79EFBC}") = "Dragino.Lora.Demo.P2P.Receiver", "Dragino.Lora.Demo.P2P.Receiver\Dragino.Lora.Demo.P2P.Receiver.csproj", "{B1A30631-2F38-4D0B-A776-3C94C9DB08E4}"
EndProject
Project("{FAE04EC0-301F-11D3-BF4B-00C04F79EFBC}") = "Dragino.Lora.Demo.Gps", "Dragino.Lora.Demo.Gps\Dragino.Lora.Demo.Gps.csproj", "{2603DC0C-22C0-4908-B15B-858B1291FDF0}"
EndProject
Global
	GlobalSection(SolutionConfigurationPlatforms) = preSolution
		Debug|Any CPU = Debug|Any CPU
		Debug|ARM = Debug|ARM
		Debug|x64 = Debug|x64
		Debug|x86 = Debug|x86
		Release|Any CPU = Release|Any CPU
		Release|ARM = Release|ARM
		Release|x64 = Release|x64
		Release|x86 = Release|x86
	EndGlobalSection
	GlobalSection(ProjectConfigurationPlatforms) = postSolution
		{B01A9146-6B59-457E-8D53-B2FAFEA99F73}.Debug|Any CPU.ActiveCfg = Debug|Any CPU
		{B01A9146-6B59-457E-8D53-B2FAFEA99F73}.Debug|Any CPU.Build.0 = Debug|Any CPU
		{B01A9146-6B59-457E-8D53-B2FAFEA99F73}.Debug|ARM.ActiveCfg = Debug|ARM
		{B01A9146-6B59-457E-8D53-B2FAFEA99F73}.Debug|ARM.Build.0 = Debug|ARM
		{B01A9146-6B59-457E-8D53-B2FAFEA99F73}.Debug|x64.ActiveCfg = Debug|x64
		{B01A9146-6B59-457E-8D53-B2FAFEA99F73}.Debug|x64.Build.0 = Debug|x64
		{B01A9146-6B59-457E-8D53-B2FAFEA99F73}.Debug|x86.ActiveCfg = Debug|x86
		{B01A9146-6B59-457E-8D53-B2FAFEA99F73}.Debug|x86.Build.0 = Debug|x86
		{B01A9146-6B59-457E-8D53-B2FAFEA99F73}.Release|Any CPU.ActiveCfg = Release|Any CPU
		{B01A9146-6B59-457E-8D53-B2FAFEA99F73}.Release|Any CPU.Build.0 = Release|Any CPU
		{B01A9146-6B59-457E-8D53-B2FAFEA99F73}.Release|ARM.ActiveCfg = Release|ARM
		{B01A9146-6B59-457E-8D53-B2FAFEA99F73}.Release|ARM.Build.0 = Release|ARM
		{B01A9146-6B59-457E-8D53-B2FAFEA99F73}.Release|x64.ActiveCfg = Release|x64
		{B01A9146-6B59-457E-8D53-B2FAFEA99F73}.Release|x64.Build.0 = Release|x64
		{B01A9146-6B59-457E-8D53-B2FAFEA99F73}.Release|x86.ActiveCfg = Release|x86
		{B01A9146-6B59-457E-8D53-B2FAFEA99F73}.Release|x86.Build.0 = Release|x86
		{BC0F8A34-24E1-48A8-925E-DC432FDD3826}.Debug|Any CPU.ActiveCfg = Debug|Any CPU
		{BC0F8A34-24E1-48A8-925E-DC432FDD3826}.Debug|Any CPU.Build.0 = Debug|Any CPU
		{BC0F8A34-24E1-48A8-925E-DC432FDD3826}.Debug|ARM.ActiveCfg = Debug|Any CPU
		{BC0F8A34-24E1-48A8-925E-DC432FDD3826}.Debug|ARM.Build.0 = Debug|Any CPU
		{BC0F8A34-24E1-48A8-925E-DC432FDD3826}.Debug|x64.ActiveCfg = Debug|Any CPU
		{BC0F8A34-24E1-48A8-925E-DC432FDD3826}.Debug|x64.Build.0 = Debug|Any CPU
		{BC0F8A34-24E1-48A8-925E-DC432FDD3826}.Debug|x86.ActiveCfg = Debug|Any CPU
		{BC0F8A34-24E1-48A8-925E-DC432FDD3826}.Debug|x86.Build.0 = Debug|Any CPU
		{BC0F8A34-24E1-48A8-925E-DC432FDD3826}.Release|Any CPU.ActiveCfg = Release|Any CPU
		{BC0F8A34-24E1-48A8-925E-DC432FDD3826}.Release|Any CPU.Build.0 = Release|Any CPU
		{BC0F8A34-24E1-48A8-925E-DC432FDD3826}.Release|ARM.ActiveCfg = Release|Any CPU
		{BC0F8A34-24E1-48A8-925E-DC432FDD3826}.Release|ARM.Build.0 = Release|Any CPU
		{BC0F8A34-24E1-48A8-925E-DC432FDD3826}.Release|x64.ActiveCfg = Release|Any CPU
		{BC0F8A34-24E1-48A8-925E-DC432FDD3826}.Release|x64.Build.0 = Release|Any CPU
		{BC0F8A34-24E1-48A8-925E-DC432FDD3826}.Release|x86.ActiveCfg = Release|Any CPU
		{BC0F8A34-24E1-48A8-925E-DC432FDD3826}.Release|x86.Build.0 = Release|Any CPU
		{798E7ABD-81AA-482C-A07C-3DAAE7E40D7F}.Debug|Any CPU.ActiveCfg = Debug|x86
		{798E7ABD-81AA-482C-A07C-3DAAE7E40D7F}.Debug|ARM.ActiveCfg = Debug|ARM
		{798E7ABD-81AA-482C-A07C-3DAAE7E40D7F}.Debug|ARM.Build.0 = Debug|ARM
		{798E7ABD-81AA-482C-A07C-3DAAE7E40D7F}.Debug|ARM.Deploy.0 = Debug|ARM
		{798E7ABD-81AA-482C-A07C-3DAAE7E40D7F}.Debug|x64.ActiveCfg = Debug|x64
		{798E7ABD-81AA-482C-A07C-3DAAE7E40D7F}.Debug|x64.Build.0 = Debug|x64
		{798E7ABD-81AA-482C-A07C-3DAAE7E40D7F}.Debug|x64.Deploy.0 = Debug|x64
		{798E7ABD-81AA-482C-A07C-3DAAE7E40D7F}.Debug|x86.ActiveCfg = Debug|x86
		{798E7ABD-81AA-482C-A07C-3DAAE7E40D7F}.Debug|x86.Build.0 = Debug|x86
		{798E7ABD-81AA-482C-A07C-3DAAE7E40D7F}.Debug|x86.Deploy.0 = Debug|x86
		{798E7ABD-81AA-482C-A07C-3DAAE7E40D7F}.Release|Any CPU.ActiveCfg = Release|x86
		{798E7ABD-81AA-482C-A07C-3DAAE7E40D7F}.Release|ARM.ActiveCfg = Release|ARM
		{798E7ABD-81AA-482C-A07C-3DAAE7E40D7F}.Release|ARM.Build.0 = Release|ARM
		{798E7ABD-81AA-482C-A07C-3DAAE7E40D7F}.Release|ARM.Deploy.0 = Release|ARM
		{798E7ABD-81AA-482C-A07C-3DAAE7E40D7F}.Release|x64.ActiveCfg = Release|x64
		{798E7ABD-81AA-482C-A07C-3DAAE7E40D7F}.Release|x64.Build.0 = Release|x64
		{798E7ABD-81AA-482C-A07C-3DAAE7E40D7F}.Release|x64.Deploy.0 = Release|x64
		{798E7ABD-81AA-482C-A07C-3DAAE7E40D7F}.Release|x86.ActiveCfg = Release|x86
		{798E7ABD-81AA-482C-A07C-3DAAE7E40D7F}.Release|x86.Build.0 = Release|x86
		{798E7ABD-81AA-482C-A07C-3DAAE7E40D7F}.Release|x86.Deploy.0 = Release|x86
		{7716D66F-22D6-4FFF-BFEC-B3AA8335A7EA}.Debug|Any CPU.ActiveCfg = Debug|x86
		{7716D66F-22D6-4FFF-BFEC-B3AA8335A7EA}.Debug|ARM.ActiveCfg = Debug|ARM
		{7716D66F-22D6-4FFF-BFEC-B3AA8335A7EA}.Debug|ARM.Build.0 = Debug|ARM
		{7716D66F-22D6-4FFF-BFEC-B3AA8335A7EA}.Debug|ARM.Deploy.0 = Debug|ARM
		{7716D66F-22D6-4FFF-BFEC-B3AA8335A7EA}.Debug|x64.ActiveCfg = Debug|x64
		{7716D66F-22D6-4FFF-BFEC-B3AA8335A7EA}.Debug|x64.Build.0 = Debug|x64
		{7716D66F-22D6-4FFF-BFEC-B3AA8335A7EA}.Debug|x64.Deploy.0 = Debug|x64
		{7716D66F-22D6-4FFF-BFEC-B3AA8335A7EA}.Debug|x86.ActiveCfg = Debug|x86
		{7716D66F-22D6-4FFF-BFEC-B3AA8335A7EA}.Debug|x86.Build.0 = Debug|x86
		{7716D66F-22D6-4FFF-BFEC-B3AA8335A7EA}.Debug|x86.Deploy.0 = Debug|x86
		{7716D66F-22D6-4FFF-BFEC-B3AA8335A7EA}.Release|Any CPU.ActiveCfg = Release|x86
		{7716D66F-22D6-4FFF-BFEC-B3AA8335A7EA}.Release|ARM.ActiveCfg = Release|ARM
		{7716D66F-22D6-4FFF-BFEC-B3AA8335A7EA}.Release|ARM.Build.0 = Release|ARM
		{7716D66F-22D6-4FFF-BFEC-B3AA8335A7EA}.Release|ARM.Deploy.0 = Release|ARM
		{7716D66F-22D6-4FFF-BFEC-B3AA8335A7EA}.Release|x64.ActiveCfg = Release|x64
		{7716D66F-22D6-4FFF-BFEC-B3AA8335A7EA}.Release|x64.Build.0 = Release|x64
		{7716D66F-22D6-4FFF-BFEC-B3AA8335A7EA}.Release|x64.Deploy.0 = Release|x64
		{7716D66F-22D6-4FFF-BFEC-B3AA8335A7EA}.Release|x86.ActiveCfg = Release|x86
		{7716D66F-22D6-4FFF-BFEC-B3AA8335A7EA}.Release|x86.Build.0 = Release|x86
		{7716D66F-22D6-4FFF-BFEC-B3AA8335A7EA}.Release|x86.Deploy.0 = Release|x86
		{590F3921-B181-470B-BAC5-84F81733567C}.Debug|Any CPU.ActiveCfg = Debug|x86
		{590F3921-B181-470B-BAC5-84F81733567C}.Debug|ARM.ActiveCfg = Debug|ARM
		{590F3921-B181-470B-BAC5-84F81733567C}.Debug|ARM.Build.0 = Debug|ARM
		{590F3921-B181-470B-BAC5-84F81733567C}.Debug|ARM.Deploy.0 = Debug|ARM
		{590F3921-B181-470B-BAC5-84F81733567C}.Debug|x64.ActiveCfg = Debug|x64
		{590F3921-B181-470B-BAC5-84F81733567C}.Debug|x64.Build.0 = Debug|x64
		{590F3921-B181-470B-BAC5-84F81733567C}.Debug|x64.Deploy.0 = Debug|x64
		{590F3921-B181-470B-BAC5-84F81733567C}.Debug|x86.ActiveCfg = Debug|x86
		{590F3921-B181-470B-BAC5-84F81733567C}.Debug|x86.Build.0 = Debug|x86
		{590F3921-B181-470B-BAC5-84F81733567C}.Debug|x86.Deploy.0 = Debug|x86
		{590F3921-B181-470B-BAC5-84F81733567C}.Release|Any CPU.ActiveCfg = Release|x86
		{590F3921-B181-470B-BAC5-84F81733567C}.Release|ARM.ActiveCfg = Release|ARM
		{590F3921-B181-470B-BAC5-84F81733567C}.Release|ARM.Build.0 = Release|ARM
		{590F3921-B181-470B-BAC5-84F81733567C}.Release|ARM.Deploy.0 = Release|ARM
		{590F3921-B181-470B-BAC5-84F81733567C}.Release|x64.ActiveCfg = Release|x64
		{590F3921-B181-470B-BAC5-84F81733567C}.Release|x64.Build.0 = Release|x64
		{590F3921-B181-470B-BAC5-84F81733567C}.Release|x64.Deploy.0 = Release|x64
		{590F3921-B181-470B-BAC5-84F81733567C}.Release|x86.ActiveCfg = Release|x86
		{590F3921-B181-470B-BAC5-84F81733567C}.Release|x86.Build.0 = Release|x86
		{590F3921-B181-470B-BAC5-84F81733567C}.Release|x86.Deploy.0 = Release|x86
		{B1A30631-2F38-4D0B-A776-3C94C9DB08E4}.Debug|Any CPU.ActiveCfg = Debug|x86
		{B1A30631-2F38-4D0B-A776-3C94C9DB08E4}.Debug|ARM.ActiveCfg = Debug|ARM
		{B1A30631-2F38-4D0B-A776-3C94C9DB08E4}.Debug|ARM.Build.0 = Debug|ARM
		{B1A30631-2F38-4D0B-A776-3C94C9DB08E4}.Debug|ARM.Deploy.0 = Debug|ARM
		{B1A30631-2F38-4D0B-A776-3C94C9DB08E4}.Debug|x64.ActiveCfg = Debug|x64
		{B1A30631-2F38-4D0B-A776-3C94C9DB08E4}.Debug|x64.Build.0 = Debug|x64
		{B1A30631-2F38-4D0B-A776-3C94C9DB08E4}.Debug|x64.Deploy.0 = Debug|x64
		{B1A30631-2F38-4D0B-A776-3C94C9DB08E4}.Debug|x86.ActiveCfg = Debug|x86
		{B1A30631-2F38-4D0B-A776-3C94C9DB08E4}.Debug|x86.Build.0 = Debug|x86
		{B1A30631-2F38-4D0B-A776-3C94C9DB08E4}.Debug|x86.Deploy.0 = Debug|x86
		{B1A30631-2F38-4D0B-A776-3C94C9DB08E4}.Release|Any CPU.ActiveCfg = Release|x86
		{B1A30631-2F38-4D0B-A776-3C94C9DB08E4}.Release|ARM.ActiveCfg = Release|ARM
		{B1A30631-2F38-4D0B-A776-3C94C9DB08E4}.Release|ARM.Build.0 = Release|ARM
		{B1A30631-2F38-4D0B-A776-3C94C9DB08E4}.Release|ARM.Deploy.0 = Release|ARM
		{B1A30631-2F38-4D0B-A776-3C94C9DB08E4}.Release|x64.ActiveCfg = Release|x64
		{B1A30631-2F38-4D0B-A776-3C94C9DB08E4}.Release|x64.Build.0 = Release|x64
		{B1A30631-2F38-4D0B-A776-3C94C9DB08E4}.Release|x64.Deploy.0 = Release|x64
		{B1A30631-2F38-4D0B-A776-3C94C9DB08E4}.Release|x86.ActiveCfg = Release|x86
		{B1A30631-2F38-4D0B-A776-3C94C9DB08E4}.Release|x86.Build.0 = Release|x86
		{B1A30631-2F38-4D0B-A776-3C94C9DB08E4}.Release|x86.Deploy.0 = Release|x86
		{2603DC0C-22C0-4908-B15B-858B1291FDF0}.Debug|Any CPU.ActiveCfg = Debug|x86
		{2603DC0C-22C0-4908-B15B-858B1291FDF0}.Debug|ARM.ActiveCfg = Debug|ARM
		{2603DC0C-22C0-4908-B15B-858B1291FDF0}.Debug|ARM.Build.0 = Debug|ARM
		{2603DC0C-22C0-4908-B15B-858B1291FDF0}.Debug|ARM.Deploy.0 = Debug|ARM
		{2603DC0C-22C0-4908-B15B-858B1291FDF0}.Debug|x64.ActiveCfg = Debug|x64
		{2603DC0C-22C0-4908-B15B-858B1291FDF0}.Debug|x64.Build.0 = Debug|x64
		{2603DC0C-22C0-4908-B15B-858B1291FDF0}.Debug|x64.Deploy.0 = Debug|x64
		{2603DC0C-22C0-4908-B15B-858B1291FDF0}.Debug|x86.ActiveCfg = Debug|x86
		{2603DC0C-22C0-4908-B15B-858B1291FDF0}.Debug|x86.Build.0 = Debug|x86
		{2603DC0C-22C0-4908-B15B-858B1291FDF0}.Debug|x86.Deploy.0 = Debug|x86
		{2603DC0C-22C0-4908-B15B-858B1291FDF0}.Release|Any CPU.ActiveCfg = Release|x86
		{2603DC0C-22C0-4908-B15B-858B1291FDF0}.Release|ARM.ActiveCfg = Release|ARM
		{2603DC0C-22C0-4908-B15B-858B1291FDF0}.Release|ARM.Build.0 = Release|ARM
		{2603DC0C-22C0-4908-B15B-858B1291FDF0}.Release|ARM.Deploy.0 = Release|ARM
		{2603DC0C-22C0-4908-B15B-858B1291FDF0}.Release|x64.ActiveCfg = Release|x64
		{2603DC0C-22C0-4908-B15B-858B1291FDF0}.Release|x64.Build.0 = Release|x64
		{2603DC0C-22C0-4908-B15B-858B1291FDF0}.Release|x64.Deploy.0 = Release|x64
		{2603DC0C-22C0-4908-B15B-858B1291FDF0}.Release|x86.ActiveCfg = Release|x86
		{2603DC0C-22C0-4908-B15B-858B1291FDF0}.Release|x86.Build.0 = Release|x86
		{2603DC0C-22C0-4908-B15B-858B1291FDF0}.Release|x86.Deploy.0 = Release|x86
	EndGlobalSection
	GlobalSection(SolutionProperties) = preSolution
		HideSolutionNode = FALSE
	EndGlobalSection
EndGlobal
